PODS:
  - Nimble (7.3.4)
  - Quick (1.3.4)
  - RxCocoa (4.2.0):
    - RxSwift (~> 4.0)
  - RxSwift (4.2.0)
  - RxSwiftExpansion (0.1.0):
    - RxSwift (~> 4.2.0)
    - RxSwiftExpansion/RxCocoa (= 0.1.0)
    - SwiftExpansion (~> 0.1.0)
  - RxSwiftExpansion/RxCocoa (0.1.0):
    - RxCocoa (~> 4.2.0)
    - RxSwift (~> 4.2.0)
    - SwiftExpansion (~> 0.1.0)
  - SwiftExpansion (0.1.0)

DEPENDENCIES:
  - Nimble (~> 7.0)
  - Quick (~> 1.2)
  - RxSwiftExpansion (from `../`)

SPEC REPOS:
  https://github.com/cocoapods/specs.git:
    - Nimble
    - Quick
    - RxCocoa
    - RxSwift
    - SwiftExpansion

EXTERNAL SOURCES:
  RxSwiftExpansion:
    :path: "../"

SPEC CHECKSUMS:
  Nimble: 051e3d8912d40138fa5591c78594f95fb172af37
  Quick: f4f7f063c524394c73ed93ac70983c609805d481
  RxCocoa: 0b54909c902e1e581212a03e690bbd94032d8baa
  RxSwift: 99e10317ddfcc7fbe01356aafd118fde4a0be104
  RxSwiftExpansion: b85999ed62ede1196c13965a739f9989933f9154
  SwiftExpansion: 9d50ba632895109e2b29fb77363e139e98be7022

PODFILE CHECKSUM: eb2897d280c054217b04dccd423213f29af1f4c7

COCOAPODS: 1.5.3
