{
  "object": {
    "pins": [
      {
        "package": "RxSwift",
        "repositoryURL": "https://github.com/ReactiveX/RxSwift.git",
        "state": {
          "branch": null,
          "revision": "fc6030ea9fe9b8af0351fe195b4095a9f2339757",
          "version": "4.4.2"
        }
      },
      {
        "package": "SwiftExpansion",
        "repositoryURL": "https://github.com/myste1tainn/SwiftExpansion.git",
        "state": {
          "branch": null,
          "revision": "c64f85d9a6f98f541d742d8ebfee92a7bac568b3",
          "version": "0.1.2"
        }
      }
    ]
  },
  "version": 1
}
