{
  "object": {
    "pins": [
      {
        "package": "RxSwift",
        "repositoryURL": "https://github.com/ReactiveX/RxSwift.git",
        "state": {
          "branch": null,
          "revision": "c1bd31b397d87a54467af4161dde9d6b27720c19",
          "version": "5.1.0"
        }
      },
      {
        "package": "SwiftExpansion",
        "repositoryURL": "https://github.com/myste1tainn/SwiftExpansion.git",
        "state": {
          "branch": null,
          "revision": "e2195cfcdd514c4d0e4df6621349d15dbe24a067",
          "version": "1.0.1"
        }
      }
    ]
  },
  "version": 1
}
